
Microsoft Visual Studio Solution File, Format Version 12.00
# Visual Studio Version 16
VisualStudioVersion = 16.0.31205.134
MinimumVisualStudioVersion = 10.0.40219.1
Project("{9A19103F-16F7-4668-BE54-9A1E7A4F7556}") = "Authorization", "Authorization.csproj", "{C8EA21BD-96DD-41EF-8A39-36D807895C2C}"
EndProject
Global
	GlobalSection(SolutionConfigurationPlatforms) = preSolution
		Debug|Any CPU = Debug|Any CPU
		Release|Any CPU = Release|Any CPU
	EndGlobalSection
	GlobalSection(ProjectConfigurationPlatforms) = postSolution
		{C8EA21BD-96DD-41EF-8A39-36D807895C2C}.Debug|Any CPU.ActiveCfg = Debug|Any CPU
		{C8EA21BD-96DD-41EF-8A39-36D807895C2C}.Debug|Any CPU.Build.0 = Debug|Any CPU
		{C8EA21BD-96DD-41EF-8A39-36D807895C2C}.Release|Any CPU.ActiveCfg = Release|Any CPU
		{C8EA21BD-96DD-41EF-8A39-36D807895C2C}.Release|Any CPU.Build.0 = Release|Any CPU
	EndGlobalSection
	GlobalSection(SolutionProperties) = preSolution
		HideSolutionNode = FALSE
	EndGlobalSection
	GlobalSection(ExtensibilityGlobals) = postSolution
		SolutionGuid = {27ACE5F8-2FCB-49AE-8233-A67A51EE039E}
	EndGlobalSection
EndGlobal
